
Microsoft Visual Studio Solution File, Format Version 12.00
# Visual Studio Version 16
VisualStudioVersion = 16.0.31424.327
MinimumVisualStudioVersion = 10.0.40219.1
Project("{FAE04EC0-301F-11D3-BF4B-00C04F79EFBC}") = "ENTIDAD", "ENTIDAD\ENTIDAD.csproj", "{16ED90D2-18FC-4460-92CE-13A38A77C8A6}"
EndProject
Project("{FAE04EC0-301F-11D3-BF4B-00C04F79EFBC}") = "NEGOCIO", "NEGOCIO\NEGOCIO.csproj", "{64E30571-BD37-4857-B4CA-1B77602D1C2B}"
EndProject
Project("{FAE04EC0-301F-11D3-BF4B-00C04F79EFBC}") = "DATO", "DATO\DATO.csproj", "{37E1F8F5-ECEF-45C1-966A-BA823F5B2579}"
EndProject
Project("{FAE04EC0-301F-11D3-BF4B-00C04F79EFBC}") = "WS_SUSALUD", "WS_SUSALUD\WS_SUSALUD.csproj", "{28697EB7-947F-4A2D-B57F-3AF14BDA4AE0}"
EndProject
Global
	GlobalSection(SolutionConfigurationPlatforms) = preSolution
		Debug|Any CPU = Debug|Any CPU
		Release|Any CPU = Release|Any CPU
	EndGlobalSection
	GlobalSection(ProjectConfigurationPlatforms) = postSolution
		{16ED90D2-18FC-4460-92CE-13A38A77C8A6}.Debug|Any CPU.ActiveCfg = Debug|Any CPU
		{16ED90D2-18FC-4460-92CE-13A38A77C8A6}.Debug|Any CPU.Build.0 = Debug|Any CPU
		{16ED90D2-18FC-4460-92CE-13A38A77C8A6}.Release|Any CPU.ActiveCfg = Release|Any CPU
		{16ED90D2-18FC-4460-92CE-13A38A77C8A6}.Release|Any CPU.Build.0 = Release|Any CPU
		{64E30571-BD37-4857-B4CA-1B77602D1C2B}.Debug|Any CPU.ActiveCfg = Debug|Any CPU
		{64E30571-BD37-4857-B4CA-1B77602D1C2B}.Debug|Any CPU.Build.0 = Debug|Any CPU
		{64E30571-BD37-4857-B4CA-1B77602D1C2B}.Release|Any CPU.ActiveCfg = Release|Any CPU
		{64E30571-BD37-4857-B4CA-1B77602D1C2B}.Release|Any CPU.Build.0 = Release|Any CPU
		{37E1F8F5-ECEF-45C1-966A-BA823F5B2579}.Debug|Any CPU.ActiveCfg = Debug|Any CPU
		{37E1F8F5-ECEF-45C1-966A-BA823F5B2579}.Debug|Any CPU.Build.0 = Debug|Any CPU
		{37E1F8F5-ECEF-45C1-966A-BA823F5B2579}.Release|Any CPU.ActiveCfg = Release|Any CPU
		{37E1F8F5-ECEF-45C1-966A-BA823F5B2579}.Release|Any CPU.Build.0 = Release|Any CPU
		{28697EB7-947F-4A2D-B57F-3AF14BDA4AE0}.Debug|Any CPU.ActiveCfg = Debug|Any CPU
		{28697EB7-947F-4A2D-B57F-3AF14BDA4AE0}.Debug|Any CPU.Build.0 = Debug|Any CPU
		{28697EB7-947F-4A2D-B57F-3AF14BDA4AE0}.Release|Any CPU.ActiveCfg = Release|Any CPU
		{28697EB7-947F-4A2D-B57F-3AF14BDA4AE0}.Release|Any CPU.Build.0 = Release|Any CPU
	EndGlobalSection
	GlobalSection(SolutionProperties) = preSolution
		HideSolutionNode = FALSE
	EndGlobalSection
	GlobalSection(ExtensibilityGlobals) = postSolution
		SolutionGuid = {A876EF6D-1EC4-45C8-9BA4-DFC9E23B9EBB}
	EndGlobalSection
EndGlobal
